
Microsoft Visual Studio Solution File, Format Version 10.00
# Visual C++ Express 2008
Project("{8BC9CEB8-8B4A-11D0-8D11-00A0C91BC942}") = "Galunity", "Galunity.vcproj", "{BB0F77E4-EA96-4AE9-997B-FA39B6E09A0D}"
EndProject
Global
	GlobalSection(SolutionConfigurationPlatforms) = preSolution
		Debug|Win32 = Debug|Win32
		Release|Win32 = Release|Win32
	EndGlobalSection
	GlobalSection(ProjectConfigurationPlatforms) = postSolution
		{BB0F77E4-EA96-4AE9-997B-FA39B6E09A0D}.Debug|Win32.ActiveCfg = Debug|Win32
		{BB0F77E4-EA96-4AE9-997B-FA39B6E09A0D}.Debug|Win32.Build.0 = Debug|Win32
		{BB0F77E4-EA96-4AE9-997B-FA39B6E09A0D}.Release|Win32.ActiveCfg = Release|Win32
		{BB0F77E4-EA96-4AE9-997B-FA39B6E09A0D}.Release|Win32.Build.0 = Release|Win32
	EndGlobalSection
	GlobalSection(SolutionProperties) = preSolution
		HideSolutionNode = FALSE
	EndGlobalSection
EndGlobal
